
Microsoft Visual Studio Solution File, Format Version 12.00
# Visual Studio 15
VisualStudioVersion = 15.0.28307.539
MinimumVisualStudioVersion = 10.0.40219.1
Project("{FAE04EC0-301F-11D3-BF4B-00C04F79EFBC}") = "inter_app.Android", "inter_app\inter_app.Android\inter_app.Android.csproj", "{361E511D-1DD0-4883-AAE2-B56B3D984C8B}"
EndProject
Project("{FAE04EC0-301F-11D3-BF4B-00C04F79EFBC}") = "inter_app.iOS", "inter_app\inter_app.iOS\inter_app.iOS.csproj", "{A286A022-0480-4F1E-9B90-761A8BA5E810}"
EndProject
Project("{FAE04EC0-301F-11D3-BF4B-00C04F79EFBC}") = "inter_app", "inter_app\inter_app\inter_app.csproj", "{BA7EAEBA-1C46-4ED0-9CAB-C4E18FBF78E3}"
EndProject
Global
	GlobalSection(SolutionConfigurationPlatforms) = preSolution
		Ad-Hoc|Any CPU = Ad-Hoc|Any CPU
		Ad-Hoc|iPhone = Ad-Hoc|iPhone
		Ad-Hoc|iPhoneSimulator = Ad-Hoc|iPhoneSimulator
		AppStore|Any CPU = AppStore|Any CPU
		AppStore|iPhone = AppStore|iPhone
		AppStore|iPhoneSimulator = AppStore|iPhoneSimulator
		Debug|Any CPU = Debug|Any CPU
		Debug|iPhone = Debug|iPhone
		Debug|iPhoneSimulator = Debug|iPhoneSimulator
		Release|Any CPU = Release|Any CPU
		Release|iPhone = Release|iPhone
		Release|iPhoneSimulator = Release|iPhoneSimulator
	EndGlobalSection
	GlobalSection(ProjectConfigurationPlatforms) = postSolution
		{361E511D-1DD0-4883-AAE2-B56B3D984C8B}.Ad-Hoc|Any CPU.ActiveCfg = Release|Any CPU
		{361E511D-1DD0-4883-AAE2-B56B3D984C8B}.Ad-Hoc|Any CPU.Build.0 = Release|Any CPU
		{361E511D-1DD0-4883-AAE2-B56B3D984C8B}.Ad-Hoc|Any CPU.Deploy.0 = Release|Any CPU
		{361E511D-1DD0-4883-AAE2-B56B3D984C8B}.Ad-Hoc|iPhone.ActiveCfg = Release|Any CPU
		{361E511D-1DD0-4883-AAE2-B56B3D984C8B}.Ad-Hoc|iPhone.Build.0 = Release|Any CPU
		{361E511D-1DD0-4883-AAE2-B56B3D984C8B}.Ad-Hoc|iPhone.Deploy.0 = Release|Any CPU
		{361E511D-1DD0-4883-AAE2-B56B3D984C8B}.Ad-Hoc|iPhoneSimulator.ActiveCfg = Release|Any CPU
		{361E511D-1DD0-4883-AAE2-B56B3D984C8B}.Ad-Hoc|iPhoneSimulator.Build.0 = Release|Any CPU
		{361E511D-1DD0-4883-AAE2-B56B3D984C8B}.Ad-Hoc|iPhoneSimulator.Deploy.0 = Release|Any CPU
		{361E511D-1DD0-4883-AAE2-B56B3D984C8B}.AppStore|Any CPU.ActiveCfg = Release|Any CPU
		{361E511D-1DD0-4883-AAE2-B56B3D984C8B}.AppStore|Any CPU.Build.0 = Release|Any CPU
		{361E511D-1DD0-4883-AAE2-B56B3D984C8B}.AppStore|Any CPU.Deploy.0 = Release|Any CPU
		{361E511D-1DD0-4883-AAE2-B56B3D984C8B}.AppStore|iPhone.ActiveCfg = Release|Any CPU
		{361E511D-1DD0-4883-AAE2-B56B3D984C8B}.AppStore|iPhone.Build.0 = Release|Any CPU
		{361E511D-1DD0-4883-AAE2-B56B3D984C8B}.AppStore|iPhone.Deploy.0 = Release|Any CPU
		{361E511D-1DD0-4883-AAE2-B56B3D984C8B}.AppStore|iPhoneSimulator.ActiveCfg = Release|Any CPU
		{361E511D-1DD0-4883-AAE2-B56B3D984C8B}.AppStore|iPhoneSimulator.Build.0 = Release|Any CPU
		{361E511D-1DD0-4883-AAE2-B56B3D984C8B}.AppStore|iPhoneSimulator.Deploy.0 = Release|Any CPU
		{361E511D-1DD0-4883-AAE2-B56B3D984C8B}.Debug|Any CPU.ActiveCfg = Debug|Any CPU
		{361E511D-1DD0-4883-AAE2-B56B3D984C8B}.Debug|Any CPU.Build.0 = Debug|Any CPU
		{361E511D-1DD0-4883-AAE2-B56B3D984C8B}.Debug|Any CPU.Deploy.0 = Debug|Any CPU
		{361E511D-1DD0-4883-AAE2-B56B3D984C8B}.Debug|iPhone.ActiveCfg = Debug|Any CPU
		{361E511D-1DD0-4883-AAE2-B56B3D984C8B}.Debug|iPhone.Build.0 = Debug|Any CPU
		{361E511D-1DD0-4883-AAE2-B56B3D984C8B}.Debug|iPhone.Deploy.0 = Debug|Any CPU
		{361E511D-1DD0-4883-AAE2-B56B3D984C8B}.Debug|iPhoneSimulator.ActiveCfg = Debug|Any CPU
		{361E511D-1DD0-4883-AAE2-B56B3D984C8B}.Debug|iPhoneSimulator.Build.0 = Debug|Any CPU
		{361E511D-1DD0-4883-AAE2-B56B3D984C8B}.Debug|iPhoneSimulator.Deploy.0 = Debug|Any CPU
		{361E511D-1DD0-4883-AAE2-B56B3D984C8B}.Release|Any CPU.ActiveCfg = Release|Any CPU
		{361E511D-1DD0-4883-AAE2-B56B3D984C8B}.Release|Any CPU.Build.0 = Release|Any CPU
		{361E511D-1DD0-4883-AAE2-B56B3D984C8B}.Release|Any CPU.Deploy.0 = Release|Any CPU
		{361E511D-1DD0-4883-AAE2-B56B3D984C8B}.Release|iPhone.ActiveCfg = Release|Any CPU
		{361E511D-1DD0-4883-AAE2-B56B3D984C8B}.Release|iPhone.Build.0 = Release|Any CPU
		{361E511D-1DD0-4883-AAE2-B56B3D984C8B}.Release|iPhone.Deploy.0 = Release|Any CPU
		{361E511D-1DD0-4883-AAE2-B56B3D984C8B}.Release|iPhoneSimulator.ActiveCfg = Release|Any CPU
		{361E511D-1DD0-4883-AAE2-B56B3D984C8B}.Release|iPhoneSimulator.Build.0 = Release|Any CPU
		{361E511D-1DD0-4883-AAE2-B56B3D984C8B}.Release|iPhoneSimulator.Deploy.0 = Release|Any CPU
		{A286A022-0480-4F1E-9B90-761A8BA5E810}.Ad-Hoc|Any CPU.ActiveCfg = Ad-Hoc|iPhone
		{A286A022-0480-4F1E-9B90-761A8BA5E810}.Ad-Hoc|Any CPU.Build.0 = Ad-Hoc|iPhone
		{A286A022-0480-4F1E-9B90-761A8BA5E810}.Ad-Hoc|Any CPU.Deploy.0 = Ad-Hoc|iPhone
		{A286A022-0480-4F1E-9B90-761A8BA5E810}.Ad-Hoc|iPhone.ActiveCfg = Ad-Hoc|iPhone
		{A286A022-0480-4F1E-9B90-761A8BA5E810}.Ad-Hoc|iPhone.Build.0 = Ad-Hoc|iPhone
		{A286A022-0480-4F1E-9B90-761A8BA5E810}.Ad-Hoc|iPhone.Deploy.0 = Ad-Hoc|iPhone
		{A286A022-0480-4F1E-9B90-761A8BA5E810}.Ad-Hoc|iPhoneSimulator.ActiveCfg = Ad-Hoc|iPhoneSimulator
		{A286A022-0480-4F1E-9B90-761A8BA5E810}.Ad-Hoc|iPhoneSimulator.Build.0 = Ad-Hoc|iPhoneSimulator
		{A286A022-0480-4F1E-9B90-761A8BA5E810}.Ad-Hoc|iPhoneSimulator.Deploy.0 = Ad-Hoc|iPhoneSimulator
		{A286A022-0480-4F1E-9B90-761A8BA5E810}.AppStore|Any CPU.ActiveCfg = AppStore|iPhone
		{A286A022-0480-4F1E-9B90-761A8BA5E810}.AppStore|Any CPU.Build.0 = AppStore|iPhone
		{A286A022-0480-4F1E-9B90-761A8BA5E810}.AppStore|Any CPU.Deploy.0 = AppStore|iPhone
		{A286A022-0480-4F1E-9B90-761A8BA5E810}.AppStore|iPhone.ActiveCfg = AppStore|iPhone
		{A286A022-0480-4F1E-9B90-761A8BA5E810}.AppStore|iPhone.Build.0 = AppStore|iPhone
		{A286A022-0480-4F1E-9B90-761A8BA5E810}.AppStore|iPhone.Deploy.0 = AppStore|iPhone
		{A286A022-0480-4F1E-9B90-761A8BA5E810}.AppStore|iPhoneSimulator.ActiveCfg = AppStore|iPhoneSimulator
		{A286A022-0480-4F1E-9B90-761A8BA5E810}.AppStore|iPhoneSimulator.Build.0 = AppStore|iPhoneSimulator
		{A286A022-0480-4F1E-9B90-761A8BA5E810}.AppStore|iPhoneSimulator.Deploy.0 = AppStore|iPhoneSimulator
		{A286A022-0480-4F1E-9B90-761A8BA5E810}.Debug|Any CPU.ActiveCfg = Debug|iPhoneSimulator
		{A286A022-0480-4F1E-9B90-761A8BA5E810}.Debug|Any CPU.Build.0 = Debug|iPhoneSimulator
		{A286A022-0480-4F1E-9B90-761A8BA5E810}.Debug|Any CPU.Deploy.0 = Debug|iPhoneSimulator
		{A286A022-0480-4F1E-9B90-761A8BA5E810}.Debug|iPhone.ActiveCfg = Debug|iPhone
		{A286A022-0480-4F1E-9B90-761A8BA5E810}.Debug|iPhone.Build.0 = Debug|iPhone
		{A286A022-0480-4F1E-9B90-761A8BA5E810}.Debug|iPhone.Deploy.0 = Debug|iPhone
		{A286A022-0480-4F1E-9B90-761A8BA5E810}.Debug|iPhoneSimulator.ActiveCfg = Debug|iPhoneSimulator
		{A286A022-0480-4F1E-9B90-761A8BA5E810}.Debug|iPhoneSimulator.Build.0 = Debug|iPhoneSimulator
		{A286A022-0480-4F1E-9B90-761A8BA5E810}.Debug|iPhoneSimulator.Deploy.0 = Debug|iPhoneSimulator
		{A286A022-0480-4F1E-9B90-761A8BA5E810}.Release|Any CPU.ActiveCfg = Release|iPhone
		{A286A022-0480-4F1E-9B90-761A8BA5E810}.Release|Any CPU.Build.0 = Release|iPhone
		{A286A022-0480-4F1E-9B90-761A8BA5E810}.Release|Any CPU.Deploy.0 = Release|iPhone
		{A286A022-0480-4F1E-9B90-761A8BA5E810}.Release|iPhone.ActiveCfg = Release|iPhone
		{A286A022-0480-4F1E-9B90-761A8BA5E810}.Release|iPhone.Build.0 = Release|iPhone
		{A286A022-0480-4F1E-9B90-761A8BA5E810}.Release|iPhone.Deploy.0 = Release|iPhone
		{A286A022-0480-4F1E-9B90-761A8BA5E810}.Release|iPhoneSimulator.ActiveCfg = Release|iPhoneSimulator
		{A286A022-0480-4F1E-9B90-761A8BA5E810}.Release|iPhoneSimulator.Build.0 = Release|iPhoneSimulator
		{A286A022-0480-4F1E-9B90-761A8BA5E810}.Release|iPhoneSimulator.Deploy.0 = Release|iPhoneSimulator
		{BA7EAEBA-1C46-4ED0-9CAB-C4E18FBF78E3}.Ad-Hoc|Any CPU.ActiveCfg = Debug|Any CPU
		{BA7EAEBA-1C46-4ED0-9CAB-C4E18FBF78E3}.Ad-Hoc|Any CPU.Build.0 = Debug|Any CPU
		{BA7EAEBA-1C46-4ED0-9CAB-C4E18FBF78E3}.Ad-Hoc|Any CPU.Deploy.0 = Debug|Any CPU
		{BA7EAEBA-1C46-4ED0-9CAB-C4E18FBF78E3}.Ad-Hoc|iPhone.ActiveCfg = Debug|Any CPU
		{BA7EAEBA-1C46-4ED0-9CAB-C4E18FBF78E3}.Ad-Hoc|iPhone.Build.0 = Debug|Any CPU
		{BA7EAEBA-1C46-4ED0-9CAB-C4E18FBF78E3}.Ad-Hoc|iPhone.Deploy.0 = Debug|Any CPU
		{BA7EAEBA-1C46-4ED0-9CAB-C4E18FBF78E3}.Ad-Hoc|iPhoneSimulator.ActiveCfg = Debug|Any CPU
		{BA7EAEBA-1C46-4ED0-9CAB-C4E18FBF78E3}.Ad-Hoc|iPhoneSimulator.Build.0 = Debug|Any CPU
		{BA7EAEBA-1C46-4ED0-9CAB-C4E18FBF78E3}.Ad-Hoc|iPhoneSimulator.Deploy.0 = Debug|Any CPU
		{BA7EAEBA-1C46-4ED0-9CAB-C4E18FBF78E3}.AppStore|Any CPU.ActiveCfg = Debug|Any CPU
		{BA7EAEBA-1C46-4ED0-9CAB-C4E18FBF78E3}.AppStore|Any CPU.Build.0 = Debug|Any CPU
		{BA7EAEBA-1C46-4ED0-9CAB-C4E18FBF78E3}.AppStore|Any CPU.Deploy.0 = Debug|Any CPU
		{BA7EAEBA-1C46-4ED0-9CAB-C4E18FBF78E3}.AppStore|iPhone.ActiveCfg = Debug|Any CPU
		{BA7EAEBA-1C46-4ED0-9CAB-C4E18FBF78E3}.AppStore|iPhone.Build.0 = Debug|Any CPU
		{BA7EAEBA-1C46-4ED0-9CAB-C4E18FBF78E3}.AppStore|iPhone.Deploy.0 = Debug|Any CPU
		{BA7EAEBA-1C46-4ED0-9CAB-C4E18FBF78E3}.AppStore|iPhoneSimulator.ActiveCfg = Debug|Any CPU
		{BA7EAEBA-1C46-4ED0-9CAB-C4E18FBF78E3}.AppStore|iPhoneSimulator.Build.0 = Debug|Any CPU
		{BA7EAEBA-1C46-4ED0-9CAB-C4E18FBF78E3}.AppStore|iPhoneSimulator.Deploy.0 = Debug|Any CPU
		{BA7EAEBA-1C46-4ED0-9CAB-C4E18FBF78E3}.Debug|Any CPU.ActiveCfg = Debug|Any CPU
		{BA7EAEBA-1C46-4ED0-9CAB-C4E18FBF78E3}.Debug|Any CPU.Build.0 = Debug|Any CPU
		{BA7EAEBA-1C46-4ED0-9CAB-C4E18FBF78E3}.Debug|Any CPU.Deploy.0 = Debug|Any CPU
		{BA7EAEBA-1C46-4ED0-9CAB-C4E18FBF78E3}.Debug|iPhone.ActiveCfg = Debug|Any CPU
		{BA7EAEBA-1C46-4ED0-9CAB-C4E18FBF78E3}.Debug|iPhone.Build.0 = Debug|Any CPU
		{BA7EAEBA-1C46-4ED0-9CAB-C4E18FBF78E3}.Debug|iPhone.Deploy.0 = Debug|Any CPU
		{BA7EAEBA-1C46-4ED0-9CAB-C4E18FBF78E3}.Debug|iPhoneSimulator.ActiveCfg = Debug|Any CPU
		{BA7EAEBA-1C46-4ED0-9CAB-C4E18FBF78E3}.Debug|iPhoneSimulator.Build.0 = Debug|Any CPU
		{BA7EAEBA-1C46-4ED0-9CAB-C4E18FBF78E3}.Debug|iPhoneSimulator.Deploy.0 = Debug|Any CPU
		{BA7EAEBA-1C46-4ED0-9CAB-C4E18FBF78E3}.Release|Any CPU.ActiveCfg = Release|Any CPU
		{BA7EAEBA-1C46-4ED0-9CAB-C4E18FBF78E3}.Release|Any CPU.Build.0 = Release|Any CPU
		{BA7EAEBA-1C46-4ED0-9CAB-C4E18FBF78E3}.Release|Any CPU.Deploy.0 = Release|Any CPU
		{BA7EAEBA-1C46-4ED0-9CAB-C4E18FBF78E3}.Release|iPhone.ActiveCfg = Release|Any CPU
		{BA7EAEBA-1C46-4ED0-9CAB-C4E18FBF78E3}.Release|iPhone.Build.0 = Release|Any CPU
		{BA7EAEBA-1C46-4ED0-9CAB-C4E18FBF78E3}.Release|iPhone.Deploy.0 = Release|Any CPU
		{BA7EAEBA-1C46-4ED0-9CAB-C4E18FBF78E3}.Release|iPhoneSimulator.ActiveCfg = Release|Any CPU
		{BA7EAEBA-1C46-4ED0-9CAB-C4E18FBF78E3}.Release|iPhoneSimulator.Build.0 = Release|Any CPU
		{BA7EAEBA-1C46-4ED0-9CAB-C4E18FBF78E3}.Release|iPhoneSimulator.Deploy.0 = Release|Any CPU
	EndGlobalSection
	GlobalSection(SolutionProperties) = preSolution
		HideSolutionNode = FALSE
	EndGlobalSection
	GlobalSection(ExtensibilityGlobals) = postSolution
		SolutionGuid = {B3B79E7A-D785-4238-9738-DD17D811574F}
	EndGlobalSection
EndGlobal
